
Microsoft Visual Studio Solution File, Format Version 12.00
# Visual Studio 14
VisualStudioVersion = 14.0.25420.1
MinimumVisualStudioVersion = 10.0.40219.1
Project("{2150E333-8FDC-42A3-9474-1A3956D46DE8}") = "src", "src", "{F74BB072-4EBC-496D-A1A6-87380FBF4657}"
EndProject
Project("{2150E333-8FDC-42A3-9474-1A3956D46DE8}") = "Solution Items", "Solution Items", "{D02A987C-E582-4B86-96D6-EBF902124C2C}"
	ProjectSection(SolutionItems) = preProject
		global.json = global.json
		README.md = README.md
	EndProjectSection
EndProject
Project("{8BB2217D-0F2D-49D1-97BC-3654ED321F3B}") = "Stb.Data", "src\Stb.Data\Stb.Data.xproj", "{3EFCB039-5C59-435B-99AD-01B67C127915}"
EndProject
Project("{8BB2217D-0F2D-49D1-97BC-3654ED321F3B}") = "Stb.Official", "src\Stb.Official\Stb.Official.xproj", "{9925C636-01C9-4C44-8B42-5AECE6306AB3}"
EndProject
Project("{8BB2217D-0F2D-49D1-97BC-3654ED321F3B}") = "Stb.Platform", "src\Stb.Platform\Stb.Platform.xproj", "{279566C2-61BB-4EAF-80E6-975D13AE364F}"
EndProject
Global
	GlobalSection(SolutionConfigurationPlatforms) = preSolution
		Debug|Any CPU = Debug|Any CPU
		Release|Any CPU = Release|Any CPU
	EndGlobalSection
	GlobalSection(ProjectConfigurationPlatforms) = postSolution
		{3EFCB039-5C59-435B-99AD-01B67C127915}.Debug|Any CPU.ActiveCfg = Debug|Any CPU
		{3EFCB039-5C59-435B-99AD-01B67C127915}.Debug|Any CPU.Build.0 = Debug|Any CPU
		{3EFCB039-5C59-435B-99AD-01B67C127915}.Release|Any CPU.ActiveCfg = Release|Any CPU
		{3EFCB039-5C59-435B-99AD-01B67C127915}.Release|Any CPU.Build.0 = Release|Any CPU
		{9925C636-01C9-4C44-8B42-5AECE6306AB3}.Debug|Any CPU.ActiveCfg = Debug|Any CPU
		{9925C636-01C9-4C44-8B42-5AECE6306AB3}.Debug|Any CPU.Build.0 = Debug|Any CPU
		{9925C636-01C9-4C44-8B42-5AECE6306AB3}.Release|Any CPU.ActiveCfg = Release|Any CPU
		{9925C636-01C9-4C44-8B42-5AECE6306AB3}.Release|Any CPU.Build.0 = Release|Any CPU
		{279566C2-61BB-4EAF-80E6-975D13AE364F}.Debug|Any CPU.ActiveCfg = Debug|Any CPU
		{279566C2-61BB-4EAF-80E6-975D13AE364F}.Debug|Any CPU.Build.0 = Debug|Any CPU
		{279566C2-61BB-4EAF-80E6-975D13AE364F}.Release|Any CPU.ActiveCfg = Release|Any CPU
		{279566C2-61BB-4EAF-80E6-975D13AE364F}.Release|Any CPU.Build.0 = Release|Any CPU
	EndGlobalSection
	GlobalSection(SolutionProperties) = preSolution
		HideSolutionNode = FALSE
	EndGlobalSection
	GlobalSection(NestedProjects) = preSolution
		{3EFCB039-5C59-435B-99AD-01B67C127915} = {F74BB072-4EBC-496D-A1A6-87380FBF4657}
		{9925C636-01C9-4C44-8B42-5AECE6306AB3} = {F74BB072-4EBC-496D-A1A6-87380FBF4657}
	EndGlobalSection
EndGlobal
